
Microsoft Visual Studio Solution File, Format Version 12.00
# Visual Studio Version 16
VisualStudioVersion = 16.0.28803.352
MinimumVisualStudioVersion = 10.0.40219.1
Project("{FAE04EC0-301F-11D3-BF4B-00C04F79EFBC}") = "AutomateUpdateLayer", "AutomateUpdateLayer.csproj", "{E2731125-ACBE-4A48-BFAF-F4C7A60BBA04}"
EndProject
Global
	GlobalSection(SolutionConfigurationPlatforms) = preSolution
		Debug|Any CPU = Debug|Any CPU
		Debug|x64 = Debug|x64
		Release|Any CPU = Release|Any CPU
		Release|x64 = Release|x64
	EndGlobalSection
	GlobalSection(ProjectConfigurationPlatforms) = postSolution
		{E2731125-ACBE-4A48-BFAF-F4C7A60BBA04}.Debug|Any CPU.ActiveCfg = Debug|Any CPU
		{E2731125-ACBE-4A48-BFAF-F4C7A60BBA04}.Debug|Any CPU.Build.0 = Debug|Any CPU
		{E2731125-ACBE-4A48-BFAF-F4C7A60BBA04}.Debug|x64.ActiveCfg = Debug|x64
		{E2731125-ACBE-4A48-BFAF-F4C7A60BBA04}.Debug|x64.Build.0 = Debug|x64
		{E2731125-ACBE-4A48-BFAF-F4C7A60BBA04}.Release|Any CPU.ActiveCfg = Release|Any CPU
		{E2731125-ACBE-4A48-BFAF-F4C7A60BBA04}.Release|Any CPU.Build.0 = Release|Any CPU
		{E2731125-ACBE-4A48-BFAF-F4C7A60BBA04}.Release|x64.ActiveCfg = Release|x64
		{E2731125-ACBE-4A48-BFAF-F4C7A60BBA04}.Release|x64.Build.0 = Release|x64
	EndGlobalSection
	GlobalSection(SolutionProperties) = preSolution
		HideSolutionNode = FALSE
	EndGlobalSection
	GlobalSection(ExtensibilityGlobals) = postSolution
		SolutionGuid = {0DDB411D-0793-403D-AC6E-8550E89C3A22}
	EndGlobalSection
EndGlobal
